
Microsoft Visual Studio Solution File, Format Version 12.00
# Visual Studio 15
VisualStudioVersion = 15.0.28307.902
MinimumVisualStudioVersion = 10.0.40219.1
Project("{FAE04EC0-301F-11D3-BF4B-00C04F79EFBC}") = "Project01_7735_5114_dotNet5780", "Project01_7735_5114_dotNet5780\Project01_7735_5114_dotNet5780.csproj", "{CFD6B00B-3D54-48ED-B266-A9802BFFCDE9}"
EndProject
Global
	GlobalSection(SolutionConfigurationPlatforms) = preSolution
		Debug|Any CPU = Debug|Any CPU
		Release|Any CPU = Release|Any CPU
	EndGlobalSection
	GlobalSection(ProjectConfigurationPlatforms) = postSolution
		{CFD6B00B-3D54-48ED-B266-A9802BFFCDE9}.Debug|Any CPU.ActiveCfg = Debug|Any CPU
		{CFD6B00B-3D54-48ED-B266-A9802BFFCDE9}.Debug|Any CPU.Build.0 = Debug|Any CPU
		{CFD6B00B-3D54-48ED-B266-A9802BFFCDE9}.Release|Any CPU.ActiveCfg = Release|Any CPU
		{CFD6B00B-3D54-48ED-B266-A9802BFFCDE9}.Release|Any CPU.Build.0 = Release|Any CPU
	EndGlobalSection
	GlobalSection(SolutionProperties) = preSolution
		HideSolutionNode = FALSE
	EndGlobalSection
	GlobalSection(ExtensibilityGlobals) = postSolution
		SolutionGuid = {5D039A3F-BDEC-4B8B-94AE-906B8DA2ABBE}
	EndGlobalSection
EndGlobal
